[[package]]
name = "aho-corasick"
version = "0.6.3"
source = "registry+https://github.com/rust-lang/crates.io-index"
dependencies = [
 "memchr 1.0.1 (registry+https://github.com/rust-lang/crates.io-index)",
]

[[package]]
name = "approx"
version = "0.1.1"
source = "registry+https://github.com/rust-lang/crates.io-index"

[[package]]
name = "backtrace"
version = "0.3.3"
source = "registry+https://github.com/rust-lang/crates.io-index"
dependencies = [
 "backtrace-sys 0.1.14 (registry+https://github.com/rust-lang/crates.io-index)",
 "cfg-if 0.1.2 (registry+https://github.com/rust-lang/crates.io-index)",
 "dbghelp-sys 0.2.0 (registry+https://github.com/rust-lang/crates.io-index)",
 "kernel32-sys 0.2.2 (registry+https://github.com/rust-lang/crates.io-index)",
 "libc 0.2.32 (registry+https://github.com/rust-lang/crates.io-index)",
 "rustc-demangle 0.1.5 (registry+https://github.com/rust-lang/crates.io-index)",
 "winapi 0.2.8 (registry+https://github.com/rust-lang/crates.io-index)",
]

[[package]]
name = "backtrace-sys"
version = "0.1.14"
source = "registry+https://github.com/rust-lang/crates.io-index"
dependencies = [
 "cc 1.0.0 (registry+https://github.com/rust-lang/crates.io-index)",
 "libc 0.2.32 (registry+https://github.com/rust-lang/crates.io-index)",
]

[[package]]
name = "bio"
version = "0.14.3-pre"
source = "git+https://github.com/pmarks/rust-bio.git?rev=4177cba483#4177cba483ff68f97e888edb1f1a1d6e966959a5"
dependencies = [
 "approx 0.1.1 (registry+https://github.com/rust-lang/crates.io-index)",
 "bit-set 0.4.0 (registry+https://github.com/rust-lang/crates.io-index)",
 "bit-vec 0.4.4 (registry+https://github.com/rust-lang/crates.io-index)",
 "bytecount 0.1.7 (registry+https://github.com/rust-lang/crates.io-index)",
 "csv 0.15.0 (registry+https://github.com/rust-lang/crates.io-index)",
 "custom_derive 0.1.7 (registry+https://github.com/rust-lang/crates.io-index)",
 "fxhash 0.1.2 (registry+https://github.com/rust-lang/crates.io-index)",
 "itertools 0.6.5 (registry+https://github.com/rust-lang/crates.io-index)",
 "itertools-num 0.1.1 (registry+https://github.com/rust-lang/crates.io-index)",
 "lazy_static 0.2.9 (registry+https://github.com/rust-lang/crates.io-index)",
 "multimap 0.4.0 (registry+https://github.com/rust-lang/crates.io-index)",
 "ndarray 0.9.1 (registry+https://github.com/rust-lang/crates.io-index)",
 "newtype_derive 0.1.6 (registry+https://github.com/rust-lang/crates.io-index)",
 "num-integer 0.1.35 (registry+https://github.com/rust-lang/crates.io-index)",
 "num-traits 0.1.40 (registry+https://github.com/rust-lang/crates.io-index)",
 "ordered-float 0.5.0 (registry+https://github.com/rust-lang/crates.io-index)",
 "quick-error 1.2.1 (registry+https://github.com/rust-lang/crates.io-index)",
 "regex 0.2.2 (registry+https://github.com/rust-lang/crates.io-index)",
 "rust-htslib 0.12.1 (registry+https://github.com/rust-lang/crates.io-index)",
 "rustc-serialize 0.3.24 (registry+https://github.com/rust-lang/crates.io-index)",
 "serde 1.0.15 (registry+https://github.com/rust-lang/crates.io-index)",
 "serde_derive 1.0.15 (registry+https://github.com/rust-lang/crates.io-index)",
 "vec_map 0.8.0 (registry+https://github.com/rust-lang/crates.io-index)",
]

[[package]]
name = "bit-set"
version = "0.4.0"
source = "registry+https://github.com/rust-lang/crates.io-index"
dependencies = [
 "bit-vec 0.4.4 (registry+https://github.com/rust-lang/crates.io-index)",
]

[[package]]
name = "bit-vec"
version = "0.4.4"
source = "registry+https://github.com/rust-lang/crates.io-index"

[[package]]
name = "bitflags"
version = "0.7.0"
source = "registry+https://github.com/rust-lang/crates.io-index"

[[package]]
name = "bitflags"
version = "0.9.1"
source = "registry+https://github.com/rust-lang/crates.io-index"

[[package]]
name = "bytecount"
version = "0.1.7"
source = "registry+https://github.com/rust-lang/crates.io-index"

[[package]]
name = "byteorder"
version = "1.1.0"
source = "registry+https://github.com/rust-lang/crates.io-index"

[[package]]
name = "cc"
version = "1.0.0"
source = "registry+https://github.com/rust-lang/crates.io-index"

[[package]]
name = "cfg-if"
version = "0.1.2"
source = "registry+https://github.com/rust-lang/crates.io-index"

[[package]]
name = "conv"
version = "0.3.3"
source = "registry+https://github.com/rust-lang/crates.io-index"
dependencies = [
 "custom_derive 0.1.7 (registry+https://github.com/rust-lang/crates.io-index)",
]

[[package]]
name = "csv"
version = "0.15.0"
source = "registry+https://github.com/rust-lang/crates.io-index"
dependencies = [
 "byteorder 1.1.0 (registry+https://github.com/rust-lang/crates.io-index)",
 "memchr 1.0.1 (registry+https://github.com/rust-lang/crates.io-index)",
 "rustc-serialize 0.3.24 (registry+https://github.com/rust-lang/crates.io-index)",
]

[[package]]
name = "csv"
version = "1.0.0-beta.5"
source = "registry+https://github.com/rust-lang/crates.io-index"
dependencies = [
 "csv-core 0.1.3 (registry+https://github.com/rust-lang/crates.io-index)",
 "serde 1.0.15 (registry+https://github.com/rust-lang/crates.io-index)",
]

[[package]]
name = "csv-core"
version = "0.1.3"
source = "registry+https://github.com/rust-lang/crates.io-index"
dependencies = [
 "memchr 1.0.1 (registry+https://github.com/rust-lang/crates.io-index)",
]

[[package]]
name = "custom_derive"
version = "0.1.7"
source = "registry+https://github.com/rust-lang/crates.io-index"

[[package]]
name = "dbghelp-sys"
version = "0.2.0"
source = "registry+https://github.com/rust-lang/crates.io-index"
dependencies = [
 "winapi 0.2.8 (registry+https://github.com/rust-lang/crates.io-index)",
 "winapi-build 0.1.1 (registry+https://github.com/rust-lang/crates.io-index)",
]

[[package]]
name = "debruijn"
version = "0.2.0"
source = "git+https://github.com/10XGenomics/rust-debruijn.git#dded86945b5b2b7eb4b59539fb83f6ec75ce7edd"
dependencies = [
 "bit-set 0.4.0 (registry+https://github.com/rust-lang/crates.io-index)",
 "extprim 1.4.0 (registry+https://github.com/rust-lang/crates.io-index)",
 "itertools 0.6.5 (registry+https://github.com/rust-lang/crates.io-index)",
 "linked-hash-map 0.5.0 (registry+https://github.com/rust-lang/crates.io-index)",
 "log 0.3.8 (registry+https://github.com/rust-lang/crates.io-index)",
 "num 0.1.40 (registry+https://github.com/rust-lang/crates.io-index)",
 "pdqsort 1.0.3 (registry+https://github.com/rust-lang/crates.io-index)",
 "rand 0.3.16 (registry+https://github.com/rust-lang/crates.io-index)",
 "serde 1.0.15 (registry+https://github.com/rust-lang/crates.io-index)",
 "serde_derive 1.0.15 (registry+https://github.com/rust-lang/crates.io-index)",
 "serde_json 1.0.3 (registry+https://github.com/rust-lang/crates.io-index)",
 "smallvec 0.4.4 (registry+https://github.com/rust-lang/crates.io-index)",
]

[[package]]
name = "docopt"
version = "0.8.1"
source = "registry+https://github.com/rust-lang/crates.io-index"
dependencies = [
 "lazy_static 0.2.9 (registry+https://github.com/rust-lang/crates.io-index)",
 "regex 0.2.2 (registry+https://github.com/rust-lang/crates.io-index)",
 "serde 1.0.15 (registry+https://github.com/rust-lang/crates.io-index)",
 "serde_derive 1.0.15 (registry+https://github.com/rust-lang/crates.io-index)",
 "strsim 0.6.0 (registry+https://github.com/rust-lang/crates.io-index)",
]

[[package]]
name = "dtoa"
version = "0.4.2"
source = "registry+https://github.com/rust-lang/crates.io-index"

[[package]]
name = "either"
version = "1.2.0"
source = "registry+https://github.com/rust-lang/crates.io-index"

[[package]]
name = "extprim"
version = "1.4.0"
source = "registry+https://github.com/rust-lang/crates.io-index"
dependencies = [
 "num-traits 0.1.40 (registry+https://github.com/rust-lang/crates.io-index)",
 "rand 0.3.16 (registry+https://github.com/rust-lang/crates.io-index)",
 "rustc_version 0.2.1 (registry+https://github.com/rust-lang/crates.io-index)",
 "serde 1.0.15 (registry+https://github.com/rust-lang/crates.io-index)",
]

[[package]]
name = "fern"
version = "0.4.3"
source = "registry+https://github.com/rust-lang/crates.io-index"
dependencies = [
 "log 0.3.8 (registry+https://github.com/rust-lang/crates.io-index)",
]

[[package]]
name = "fs-utils"
version = "1.0.0"
source = "registry+https://github.com/rust-lang/crates.io-index"
dependencies = [
 "quick-error 1.2.1 (registry+https://github.com/rust-lang/crates.io-index)",
]

[[package]]
name = "fxhash"
version = "0.1.2"
source = "registry+https://github.com/rust-lang/crates.io-index"
dependencies = [
 "byteorder 1.1.0 (registry+https://github.com/rust-lang/crates.io-index)",
]

[[package]]
name = "idna"
version = "0.1.4"
source = "registry+https://github.com/rust-lang/crates.io-index"
dependencies = [
 "matches 0.1.6 (registry+https://github.com/rust-lang/crates.io-index)",
 "unicode-bidi 0.3.4 (registry+https://github.com/rust-lang/crates.io-index)",
 "unicode-normalization 0.1.5 (registry+https://github.com/rust-lang/crates.io-index)",
]

[[package]]
name = "ieee754"
version = "0.2.2"
source = "registry+https://github.com/rust-lang/crates.io-index"

[[package]]
name = "itertools"
version = "0.5.10"
source = "registry+https://github.com/rust-lang/crates.io-index"
dependencies = [
 "either 1.2.0 (registry+https://github.com/rust-lang/crates.io-index)",
]

[[package]]
name = "itertools"
version = "0.6.5"
source = "registry+https://github.com/rust-lang/crates.io-index"
dependencies = [
 "either 1.2.0 (registry+https://github.com/rust-lang/crates.io-index)",
]

[[package]]
name = "itertools-num"
version = "0.1.1"
source = "registry+https://github.com/rust-lang/crates.io-index"
dependencies = [
 "num-traits 0.1.40 (registry+https://github.com/rust-lang/crates.io-index)",
]

[[package]]
name = "itoa"
version = "0.3.4"
source = "registry+https://github.com/rust-lang/crates.io-index"

[[package]]
name = "kernel32-sys"
version = "0.2.2"
source = "registry+https://github.com/rust-lang/crates.io-index"
dependencies = [
 "winapi 0.2.8 (registry+https://github.com/rust-lang/crates.io-index)",
 "winapi-build 0.1.1 (registry+https://github.com/rust-lang/crates.io-index)",
]

[[package]]
name = "lazy_static"
version = "0.2.9"
source = "registry+https://github.com/rust-lang/crates.io-index"

[[package]]
name = "libc"
version = "0.2.32"
source = "registry+https://github.com/rust-lang/crates.io-index"

[[package]]
name = "linked-hash-map"
version = "0.5.0"
source = "registry+https://github.com/rust-lang/crates.io-index"

[[package]]
name = "log"
version = "0.3.8"
source = "registry+https://github.com/rust-lang/crates.io-index"

[[package]]
name = "magenta"
version = "0.1.1"
source = "registry+https://github.com/rust-lang/crates.io-index"
dependencies = [
 "conv 0.3.3 (registry+https://github.com/rust-lang/crates.io-index)",
 "magenta-sys 0.1.1 (registry+https://github.com/rust-lang/crates.io-index)",
]

[[package]]
name = "magenta-sys"
version = "0.1.1"
source = "registry+https://github.com/rust-lang/crates.io-index"
dependencies = [
 "bitflags 0.7.0 (registry+https://github.com/rust-lang/crates.io-index)",
]

[[package]]
name = "matches"
version = "0.1.6"
source = "registry+https://github.com/rust-lang/crates.io-index"

[[package]]
name = "matrixmultiply"
version = "0.1.13"
source = "registry+https://github.com/rust-lang/crates.io-index"
dependencies = [
 "rawpointer 0.1.0 (registry+https://github.com/rust-lang/crates.io-index)",
]

[[package]]
name = "memchr"
version = "1.0.1"
source = "registry+https://github.com/rust-lang/crates.io-index"
dependencies = [
 "libc 0.2.32 (registry+https://github.com/rust-lang/crates.io-index)",
]

[[package]]
name = "multimap"
version = "0.4.0"
source = "registry+https://github.com/rust-lang/crates.io-index"
dependencies = [
 "serde 1.0.15 (registry+https://github.com/rust-lang/crates.io-index)",
]

[[package]]
name = "ndarray"
version = "0.6.10"
source = "registry+https://github.com/rust-lang/crates.io-index"
dependencies = [
 "itertools 0.5.10 (registry+https://github.com/rust-lang/crates.io-index)",
 "matrixmultiply 0.1.13 (registry+https://github.com/rust-lang/crates.io-index)",
 "num-complex 0.1.40 (registry+https://github.com/rust-lang/crates.io-index)",
 "num-traits 0.1.40 (registry+https://github.com/rust-lang/crates.io-index)",
]

[[package]]
name = "ndarray"
version = "0.9.1"
source = "registry+https://github.com/rust-lang/crates.io-index"
dependencies = [
 "itertools 0.6.5 (registry+https://github.com/rust-lang/crates.io-index)",
 "matrixmultiply 0.1.13 (registry+https://github.com/rust-lang/crates.io-index)",
 "num-complex 0.1.40 (registry+https://github.com/rust-lang/crates.io-index)",
 "num-traits 0.1.40 (registry+https://github.com/rust-lang/crates.io-index)",
]

[[package]]
name = "newtype_derive"
version = "0.1.6"
source = "registry+https://github.com/rust-lang/crates.io-index"
dependencies = [
 "rustc_version 0.1.7 (registry+https://github.com/rust-lang/crates.io-index)",
]

[[package]]
name = "num"
version = "0.1.40"
source = "registry+https://github.com/rust-lang/crates.io-index"
dependencies = [
 "num-bigint 0.1.40 (registry+https://github.com/rust-lang/crates.io-index)",
 "num-complex 0.1.40 (registry+https://github.com/rust-lang/crates.io-index)",
 "num-integer 0.1.35 (registry+https://github.com/rust-lang/crates.io-index)",
 "num-iter 0.1.34 (registry+https://github.com/rust-lang/crates.io-index)",
 "num-rational 0.1.39 (registry+https://github.com/rust-lang/crates.io-index)",
 "num-traits 0.1.40 (registry+https://github.com/rust-lang/crates.io-index)",
]

[[package]]
name = "num-bigint"
version = "0.1.40"
source = "registry+https://github.com/rust-lang/crates.io-index"
dependencies = [
 "num-integer 0.1.35 (registry+https://github.com/rust-lang/crates.io-index)",
 "num-traits 0.1.40 (registry+https://github.com/rust-lang/crates.io-index)",
 "rand 0.3.16 (registry+https://github.com/rust-lang/crates.io-index)",
 "rustc-serialize 0.3.24 (registry+https://github.com/rust-lang/crates.io-index)",
 "serde 0.8.23 (registry+https://github.com/rust-lang/crates.io-index)",
]

[[package]]
name = "num-complex"
version = "0.1.40"
source = "registry+https://github.com/rust-lang/crates.io-index"
dependencies = [
 "num-traits 0.1.40 (registry+https://github.com/rust-lang/crates.io-index)",
 "rustc-serialize 0.3.24 (registry+https://github.com/rust-lang/crates.io-index)",
 "serde 0.8.23 (registry+https://github.com/rust-lang/crates.io-index)",
]

[[package]]
name = "num-integer"
version = "0.1.35"
source = "registry+https://github.com/rust-lang/crates.io-index"
dependencies = [
 "num-traits 0.1.40 (registry+https://github.com/rust-lang/crates.io-index)",
]

[[package]]
name = "num-iter"
version = "0.1.34"
source = "registry+https://github.com/rust-lang/crates.io-index"
dependencies = [
 "num-integer 0.1.35 (registry+https://github.com/rust-lang/crates.io-index)",
 "num-traits 0.1.40 (registry+https://github.com/rust-lang/crates.io-index)",
]

[[package]]
name = "num-rational"
version = "0.1.39"
source = "registry+https://github.com/rust-lang/crates.io-index"
dependencies = [
 "num-bigint 0.1.40 (registry+https://github.com/rust-lang/crates.io-index)",
 "num-integer 0.1.35 (registry+https://github.com/rust-lang/crates.io-index)",
 "num-traits 0.1.40 (registry+https://github.com/rust-lang/crates.io-index)",
 "rustc-serialize 0.3.24 (registry+https://github.com/rust-lang/crates.io-index)",
 "serde 0.8.23 (registry+https://github.com/rust-lang/crates.io-index)",
]

[[package]]
name = "num-traits"
version = "0.1.40"
source = "registry+https://github.com/rust-lang/crates.io-index"

[[package]]
name = "ordered-float"
version = "0.5.0"
source = "registry+https://github.com/rust-lang/crates.io-index"
dependencies = [
 "num-traits 0.1.40 (registry+https://github.com/rust-lang/crates.io-index)",
 "unreachable 0.1.1 (registry+https://github.com/rust-lang/crates.io-index)",
]

[[package]]
name = "pdqsort"
version = "1.0.3"
source = "registry+https://github.com/rust-lang/crates.io-index"

[[package]]
name = "percent-encoding"
version = "1.0.0"
source = "registry+https://github.com/rust-lang/crates.io-index"

[[package]]
name = "probability"
version = "0.15.8"
source = "registry+https://github.com/rust-lang/crates.io-index"
dependencies = [
 "random 0.12.2 (registry+https://github.com/rust-lang/crates.io-index)",
 "special 0.7.4 (registry+https://github.com/rust-lang/crates.io-index)",
]

[[package]]
name = "pvc"
version = "2.2.0"
dependencies = [
 "backtrace 0.3.3 (registry+https://github.com/rust-lang/crates.io-index)",
 "bio 0.14.3-pre (git+https://github.com/pmarks/rust-bio.git?rev=4177cba483)",
 "csv 1.0.0-beta.5 (registry+https://github.com/rust-lang/crates.io-index)",
 "debruijn 0.2.0 (git+https://github.com/10XGenomics/rust-debruijn.git)",
 "docopt 0.8.1 (registry+https://github.com/rust-lang/crates.io-index)",
 "fern 0.4.3 (registry+https://github.com/rust-lang/crates.io-index)",
 "itertools 0.6.5 (registry+https://github.com/rust-lang/crates.io-index)",
 "log 0.3.8 (registry+https://github.com/rust-lang/crates.io-index)",
 "ndarray 0.6.10 (registry+https://github.com/rust-lang/crates.io-index)",
 "probability 0.15.8 (registry+https://github.com/rust-lang/crates.io-index)",
 "regex 0.2.2 (registry+https://github.com/rust-lang/crates.io-index)",
 "rust-htslib 0.13.0 (registry+https://github.com/rust-lang/crates.io-index)",
 "serde 1.0.15 (registry+https://github.com/rust-lang/crates.io-index)",
 "serde_derive 1.0.15 (registry+https://github.com/rust-lang/crates.io-index)",
 "serde_json 1.0.3 (registry+https://github.com/rust-lang/crates.io-index)",
 "simple_logger 0.4.0 (registry+https://github.com/rust-lang/crates.io-index)",
 "time 0.1.38 (registry+https://github.com/rust-lang/crates.io-index)",
]

[[package]]
name = "quick-error"
version = "1.2.1"
source = "registry+https://github.com/rust-lang/crates.io-index"

[[package]]
name = "quote"
version = "0.3.15"
source = "registry+https://github.com/rust-lang/crates.io-index"

[[package]]
name = "rand"
version = "0.3.16"
source = "registry+https://github.com/rust-lang/crates.io-index"
dependencies = [
 "libc 0.2.32 (registry+https://github.com/rust-lang/crates.io-index)",
 "magenta 0.1.1 (registry+https://github.com/rust-lang/crates.io-index)",
]

[[package]]
name = "random"
version = "0.12.2"
source = "registry+https://github.com/rust-lang/crates.io-index"

[[package]]
name = "rawpointer"
version = "0.1.0"
source = "registry+https://github.com/rust-lang/crates.io-index"

[[package]]
name = "redox_syscall"
version = "0.1.31"
source = "registry+https://github.com/rust-lang/crates.io-index"

[[package]]
name = "regex"
version = "0.2.2"
source = "registry+https://github.com/rust-lang/crates.io-index"
dependencies = [
 "aho-corasick 0.6.3 (registry+https://github.com/rust-lang/crates.io-index)",
 "memchr 1.0.1 (registry+https://github.com/rust-lang/crates.io-index)",
 "regex-syntax 0.4.1 (registry+https://github.com/rust-lang/crates.io-index)",
 "thread_local 0.3.4 (registry+https://github.com/rust-lang/crates.io-index)",
 "utf8-ranges 1.0.0 (registry+https://github.com/rust-lang/crates.io-index)",
]

[[package]]
name = "regex-syntax"
version = "0.4.1"
source = "registry+https://github.com/rust-lang/crates.io-index"

[[package]]
name = "rust-htslib"
version = "0.12.1"
source = "registry+https://github.com/rust-lang/crates.io-index"
dependencies = [
 "bitflags 0.9.1 (registry+https://github.com/rust-lang/crates.io-index)",
 "custom_derive 0.1.7 (registry+https://github.com/rust-lang/crates.io-index)",
 "ieee754 0.2.2 (registry+https://github.com/rust-lang/crates.io-index)",
 "itertools 0.6.5 (registry+https://github.com/rust-lang/crates.io-index)",
 "lazy_static 0.2.9 (registry+https://github.com/rust-lang/crates.io-index)",
 "libc 0.2.32 (registry+https://github.com/rust-lang/crates.io-index)",
 "newtype_derive 0.1.6 (registry+https://github.com/rust-lang/crates.io-index)",
 "quick-error 1.2.1 (registry+https://github.com/rust-lang/crates.io-index)",
 "url 1.5.1 (registry+https://github.com/rust-lang/crates.io-index)",
]

[[package]]
name = "rust-htslib"
version = "0.13.0"
source = "registry+https://github.com/rust-lang/crates.io-index"
dependencies = [
 "bitflags 0.9.1 (registry+https://github.com/rust-lang/crates.io-index)",
 "custom_derive 0.1.7 (registry+https://github.com/rust-lang/crates.io-index)",
 "fs-utils 1.0.0 (registry+https://github.com/rust-lang/crates.io-index)",
 "ieee754 0.2.2 (registry+https://github.com/rust-lang/crates.io-index)",
 "itertools 0.6.5 (registry+https://github.com/rust-lang/crates.io-index)",
 "lazy_static 0.2.9 (registry+https://github.com/rust-lang/crates.io-index)",
 "libc 0.2.32 (registry+https://github.com/rust-lang/crates.io-index)",
 "newtype_derive 0.1.6 (registry+https://github.com/rust-lang/crates.io-index)",
 "quick-error 1.2.1 (registry+https://github.com/rust-lang/crates.io-index)",
 "url 1.5.1 (registry+https://github.com/rust-lang/crates.io-index)",
]

[[package]]
name = "rustc-demangle"
version = "0.1.5"
source = "registry+https://github.com/rust-lang/crates.io-index"

[[package]]
name = "rustc-serialize"
version = "0.3.24"
source = "registry+https://github.com/rust-lang/crates.io-index"

[[package]]
name = "rustc_version"
version = "0.1.7"
source = "registry+https://github.com/rust-lang/crates.io-index"
dependencies = [
 "semver 0.1.20 (registry+https://github.com/rust-lang/crates.io-index)",
]

[[package]]
name = "rustc_version"
version = "0.2.1"
source = "registry+https://github.com/rust-lang/crates.io-index"
dependencies = [
 "semver 0.6.0 (registry+https://github.com/rust-lang/crates.io-index)",
]

[[package]]
name = "semver"
version = "0.1.20"
source = "registry+https://github.com/rust-lang/crates.io-index"

[[package]]
name = "semver"
version = "0.6.0"
source = "registry+https://github.com/rust-lang/crates.io-index"
dependencies = [
 "semver-parser 0.7.0 (registry+https://github.com/rust-lang/crates.io-index)",
]

[[package]]
name = "semver-parser"
version = "0.7.0"
source = "registry+https://github.com/rust-lang/crates.io-index"

[[package]]
name = "serde"
version = "0.8.23"
source = "registry+https://github.com/rust-lang/crates.io-index"

[[package]]
name = "serde"
version = "1.0.15"
source = "registry+https://github.com/rust-lang/crates.io-index"
dependencies = [
 "serde_derive 1.0.15 (registry+https://github.com/rust-lang/crates.io-index)",
]

[[package]]
name = "serde_derive"
version = "1.0.15"
source = "registry+https://github.com/rust-lang/crates.io-index"
dependencies = [
 "quote 0.3.15 (registry+https://github.com/rust-lang/crates.io-index)",
 "serde_derive_internals 0.16.0 (registry+https://github.com/rust-lang/crates.io-index)",
 "syn 0.11.11 (registry+https://github.com/rust-lang/crates.io-index)",
]

[[package]]
name = "serde_derive_internals"
version = "0.16.0"
source = "registry+https://github.com/rust-lang/crates.io-index"
dependencies = [
 "syn 0.11.11 (registry+https://github.com/rust-lang/crates.io-index)",
 "synom 0.11.3 (registry+https://github.com/rust-lang/crates.io-index)",
]

[[package]]
name = "serde_json"
version = "1.0.3"
source = "registry+https://github.com/rust-lang/crates.io-index"
dependencies = [
 "dtoa 0.4.2 (registry+https://github.com/rust-lang/crates.io-index)",
 "itoa 0.3.4 (registry+https://github.com/rust-lang/crates.io-index)",
 "num-traits 0.1.40 (registry+https://github.com/rust-lang/crates.io-index)",
 "serde 1.0.15 (registry+https://github.com/rust-lang/crates.io-index)",
]

[[package]]
name = "simple_logger"
version = "0.4.0"
source = "registry+https://github.com/rust-lang/crates.io-index"
dependencies = [
 "log 0.3.8 (registry+https://github.com/rust-lang/crates.io-index)",
 "time 0.1.38 (registry+https://github.com/rust-lang/crates.io-index)",
]

[[package]]
name = "smallvec"
version = "0.4.4"
source = "registry+https://github.com/rust-lang/crates.io-index"

[[package]]
name = "special"
version = "0.7.4"
source = "registry+https://github.com/rust-lang/crates.io-index"
dependencies = [
 "libc 0.2.32 (registry+https://github.com/rust-lang/crates.io-index)",
]

[[package]]
name = "strsim"
version = "0.6.0"
source = "registry+https://github.com/rust-lang/crates.io-index"

[[package]]
name = "syn"
version = "0.11.11"
source = "registry+https://github.com/rust-lang/crates.io-index"
dependencies = [
 "quote 0.3.15 (registry+https://github.com/rust-lang/crates.io-index)",
 "synom 0.11.3 (registry+https://github.com/rust-lang/crates.io-index)",
 "unicode-xid 0.0.4 (registry+https://github.com/rust-lang/crates.io-index)",
]

[[package]]
name = "synom"
version = "0.11.3"
source = "registry+https://github.com/rust-lang/crates.io-index"
dependencies = [
 "unicode-xid 0.0.4 (registry+https://github.com/rust-lang/crates.io-index)",
]

[[package]]
name = "thread_local"
version = "0.3.4"
source = "registry+https://github.com/rust-lang/crates.io-index"
dependencies = [
 "lazy_static 0.2.9 (registry+https://github.com/rust-lang/crates.io-index)",
 "unreachable 1.0.0 (registry+https://github.com/rust-lang/crates.io-index)",
]

[[package]]
name = "time"
version = "0.1.38"
source = "registry+https://github.com/rust-lang/crates.io-index"
dependencies = [
 "kernel32-sys 0.2.2 (registry+https://github.com/rust-lang/crates.io-index)",
 "libc 0.2.32 (registry+https://github.com/rust-lang/crates.io-index)",
 "redox_syscall 0.1.31 (registry+https://github.com/rust-lang/crates.io-index)",
 "winapi 0.2.8 (registry+https://github.com/rust-lang/crates.io-index)",
]

[[package]]
name = "unicode-bidi"
version = "0.3.4"
source = "registry+https://github.com/rust-lang/crates.io-index"
dependencies = [
 "matches 0.1.6 (registry+https://github.com/rust-lang/crates.io-index)",
]

[[package]]
name = "unicode-normalization"
version = "0.1.5"
source = "registry+https://github.com/rust-lang/crates.io-index"

[[package]]
name = "unicode-xid"
version = "0.0.4"
source = "registry+https://github.com/rust-lang/crates.io-index"

[[package]]
name = "unreachable"
version = "0.1.1"
source = "registry+https://github.com/rust-lang/crates.io-index"
dependencies = [
 "void 1.0.2 (registry+https://github.com/rust-lang/crates.io-index)",
]

[[package]]
name = "unreachable"
version = "1.0.0"
source = "registry+https://github.com/rust-lang/crates.io-index"
dependencies = [
 "void 1.0.2 (registry+https://github.com/rust-lang/crates.io-index)",
]

[[package]]
name = "url"
version = "1.5.1"
source = "registry+https://github.com/rust-lang/crates.io-index"
dependencies = [
 "idna 0.1.4 (registry+https://github.com/rust-lang/crates.io-index)",
 "matches 0.1.6 (registry+https://github.com/rust-lang/crates.io-index)",
 "percent-encoding 1.0.0 (registry+https://github.com/rust-lang/crates.io-index)",
]

[[package]]
name = "utf8-ranges"
version = "1.0.0"
source = "registry+https://github.com/rust-lang/crates.io-index"

[[package]]
name = "vec_map"
version = "0.8.0"
source = "registry+https://github.com/rust-lang/crates.io-index"
dependencies = [
 "serde 1.0.15 (registry+https://github.com/rust-lang/crates.io-index)",
 "serde_derive 1.0.15 (registry+https://github.com/rust-lang/crates.io-index)",
]

[[package]]
name = "void"
version = "1.0.2"
source = "registry+https://github.com/rust-lang/crates.io-index"

[[package]]
name = "winapi"
version = "0.2.8"
source = "registry+https://github.com/rust-lang/crates.io-index"

[[package]]
name = "winapi-build"
version = "0.1.1"
source = "registry+https://github.com/rust-lang/crates.io-index"

[metadata]
"checksum aho-corasick 0.6.3 (registry+https://github.com/rust-lang/crates.io-index)" = "500909c4f87a9e52355b26626d890833e9e1d53ac566db76c36faa984b889699"
"checksum approx 0.1.1 (registry+https://github.com/rust-lang/crates.io-index)" = "08abcc3b4e9339e33a3d0a5ed15d84a687350c05689d825e0f6655eef9e76a94"
"checksum backtrace 0.3.3 (registry+https://github.com/rust-lang/crates.io-index)" = "99f2ce94e22b8e664d95c57fff45b98a966c2252b60691d0b7aeeccd88d70983"
"checksum backtrace-sys 0.1.14 (registry+https://github.com/rust-lang/crates.io-index)" = "c63ea141ef8fdb10409d0f5daf30ac51f84ef43bff66f16627773d2a292cd189"
"checksum bio 0.14.3-pre (git+https://github.com/pmarks/rust-bio.git?rev=4177cba483)" = "<none>"
"checksum bit-set 0.4.0 (registry+https://github.com/rust-lang/crates.io-index)" = "d9bf6104718e80d7b26a68fdbacff3481cfc05df670821affc7e9cbc1884400c"
"checksum bit-vec 0.4.4 (registry+https://github.com/rust-lang/crates.io-index)" = "02b4ff8b16e6076c3e14220b39fbc1fabb6737522281a388998046859400895f"
"checksum bitflags 0.7.0 (registry+https://github.com/rust-lang/crates.io-index)" = "aad18937a628ec6abcd26d1489012cc0e18c21798210f491af69ded9b881106d"
"checksum bitflags 0.9.1 (registry+https://github.com/rust-lang/crates.io-index)" = "4efd02e230a02e18f92fc2735f44597385ed02ad8f831e7c1c1156ee5e1ab3a5"
"checksum bytecount 0.1.7 (registry+https://github.com/rust-lang/crates.io-index)" = "4bbeb7c30341fce29f6078b4bdf876ea4779600866e98f5b2d203a534f195050"
"checksum byteorder 1.1.0 (registry+https://github.com/rust-lang/crates.io-index)" = "ff81738b726f5d099632ceaffe7fb65b90212e8dce59d518729e7e8634032d3d"
"checksum cc 1.0.0 (registry+https://github.com/rust-lang/crates.io-index)" = "7db2f146208d7e0fbee761b09cd65a7f51ccc38705d4e7262dad4d73b12a76b1"
"checksum cfg-if 0.1.2 (registry+https://github.com/rust-lang/crates.io-index)" = "d4c819a1287eb618df47cc647173c5c4c66ba19d888a6e50d605672aed3140de"
"checksum conv 0.3.3 (registry+https://github.com/rust-lang/crates.io-index)" = "78ff10625fd0ac447827aa30ea8b861fead473bb60aeb73af6c1c58caf0d1299"
"checksum csv 0.15.0 (registry+https://github.com/rust-lang/crates.io-index)" = "7ef22b37c7a51c564a365892c012dc0271221fdcc64c69b19ba4d6fa8bd96d9c"
"checksum csv 1.0.0-beta.5 (registry+https://github.com/rust-lang/crates.io-index)" = "e7a9e063dcebdb56c306f23e672bfd31df3da8ec5f6d696b35f2c29c2a9572f0"
"checksum csv-core 0.1.3 (registry+https://github.com/rust-lang/crates.io-index)" = "ae1fbabf21d9a52d04675cc5b032d7bae24ecdcd22646f7eefcd0496a122686c"
"checksum custom_derive 0.1.7 (registry+https://github.com/rust-lang/crates.io-index)" = "ef8ae57c4978a2acd8b869ce6b9ca1dfe817bff704c220209fdef2c0b75a01b9"
"checksum dbghelp-sys 0.2.0 (registry+https://github.com/rust-lang/crates.io-index)" = "97590ba53bcb8ac28279161ca943a924d1fd4a8fb3fa63302591647c4fc5b850"
"checksum debruijn 0.2.0 (git+https://github.com/10XGenomics/rust-debruijn.git)" = "<none>"
"checksum docopt 0.8.1 (registry+https://github.com/rust-lang/crates.io-index)" = "3b5b93718f8b3e5544fcc914c43de828ca6c6ace23e0332c6080a2977b49787a"
"checksum dtoa 0.4.2 (registry+https://github.com/rust-lang/crates.io-index)" = "09c3753c3db574d215cba4ea76018483895d7bff25a31b49ba45db21c48e50ab"
"checksum either 1.2.0 (registry+https://github.com/rust-lang/crates.io-index)" = "cbee135e9245416869bf52bd6ccc9b59e2482651510784e089b874272f02a252"
"checksum extprim 1.4.0 (registry+https://github.com/rust-lang/crates.io-index)" = "1de79797db68eb235c616cc3ad1a2793fa94a2245594cb6f81d602e62ed951c5"
"checksum fern 0.4.3 (registry+https://github.com/rust-lang/crates.io-index)" = "1f0297637852905c7ce4cefd8d8a6719f6e3cfb22e2e9f0aa0650f4804a6f360"
"checksum fs-utils 1.0.0 (registry+https://github.com/rust-lang/crates.io-index)" = "be53d63dc756ab9da8b003c2698e200cf1d751f9ed1d3e248365a028c4cbbff6"
"checksum fxhash 0.1.2 (registry+https://github.com/rust-lang/crates.io-index)" = "fbaa85082d0b5db04eee920246bb37313153ec6aeb10374ab5d031b99812ea75"
"checksum idna 0.1.4 (registry+https://github.com/rust-lang/crates.io-index)" = "014b298351066f1512874135335d62a789ffe78a9974f94b43ed5621951eaf7d"
"checksum ieee754 0.2.2 (registry+https://github.com/rust-lang/crates.io-index)" = "24477af62edd96fc8de28c9a9b719d9c0e1c9f84838f2a757642215d33664ead"
"checksum itertools 0.5.10 (registry+https://github.com/rust-lang/crates.io-index)" = "4833d6978da405305126af4ac88569b5d71ff758581ce5a987dbfa3755f694fc"
"checksum itertools 0.6.5 (registry+https://github.com/rust-lang/crates.io-index)" = "d3f2be4da1690a039e9ae5fd575f706a63ad5a2120f161b1d653c9da3930dd21"
"checksum itertools-num 0.1.1 (registry+https://github.com/rust-lang/crates.io-index)" = "4d78fa608383e6e608ba36f962ac991d5d6878d7203eb93b4711b14fa6717813"
"checksum itoa 0.3.4 (registry+https://github.com/rust-lang/crates.io-index)" = "8324a32baf01e2ae060e9de58ed0bc2320c9a2833491ee36cd3b4c414de4db8c"
"checksum kernel32-sys 0.2.2 (registry+https://github.com/rust-lang/crates.io-index)" = "7507624b29483431c0ba2d82aece8ca6cdba9382bff4ddd0f7490560c056098d"
"checksum lazy_static 0.2.9 (registry+https://github.com/rust-lang/crates.io-index)" = "c9e5e58fa1a4c3b915a561a78a22ee0cac6ab97dca2504428bc1cb074375f8d5"
"checksum libc 0.2.32 (registry+https://github.com/rust-lang/crates.io-index)" = "56cce3130fd040c28df6f495c8492e5ec5808fb4c9093c310df02b0c8f030148"
"checksum linked-hash-map 0.5.0 (registry+https://github.com/rust-lang/crates.io-index)" = "2d2aab0478615bb586559b0114d94dd8eca4fdbb73b443adcb0d00b61692b4bf"
"checksum log 0.3.8 (registry+https://github.com/rust-lang/crates.io-index)" = "880f77541efa6e5cc74e76910c9884d9859683118839d6a1dc3b11e63512565b"
"checksum magenta 0.1.1 (registry+https://github.com/rust-lang/crates.io-index)" = "4bf0336886480e671965f794bc9b6fce88503563013d1bfb7a502c81fe3ac527"
"checksum magenta-sys 0.1.1 (registry+https://github.com/rust-lang/crates.io-index)" = "40d014c7011ac470ae28e2f76a02bfea4a8480f73e701353b49ad7a8d75f4699"
"checksum matches 0.1.6 (registry+https://github.com/rust-lang/crates.io-index)" = "100aabe6b8ff4e4a7e32c1c13523379802df0772b82466207ac25b013f193376"
"checksum matrixmultiply 0.1.13 (registry+https://github.com/rust-lang/crates.io-index)" = "7ce012d2c43046267a74283eaa7e9a51941479901e2b86702be10f27e2779158"
"checksum memchr 1.0.1 (registry+https://github.com/rust-lang/crates.io-index)" = "1dbccc0e46f1ea47b9f17e6d67c5a96bd27030519c519c9c91327e31275a47b4"
"checksum multimap 0.4.0 (registry+https://github.com/rust-lang/crates.io-index)" = "2eb04b9f127583ed176e163fb9ec6f3e793b87e21deedd5734a69386a18a0151"
"checksum ndarray 0.6.10 (registry+https://github.com/rust-lang/crates.io-index)" = "89546d09f09763c3f9b975cb45f4f9941b884f07b26116ab0fbcb169a1bba9ff"
"checksum ndarray 0.9.1 (registry+https://github.com/rust-lang/crates.io-index)" = "9d0603e041601804a61a33ebecbea220b43a86437b9ee20680a1f9fdaaa922a8"
"checksum newtype_derive 0.1.6 (registry+https://github.com/rust-lang/crates.io-index)" = "ac8cd24d9f185bb7223958d8c1ff7a961b74b1953fd05dba7cc568a63b3861ec"
"checksum num 0.1.40 (registry+https://github.com/rust-lang/crates.io-index)" = "a311b77ebdc5dd4cf6449d81e4135d9f0e3b153839ac90e648a8ef538f923525"
"checksum num-bigint 0.1.40 (registry+https://github.com/rust-lang/crates.io-index)" = "8fd0f8dbb4c0960998958a796281d88c16fbe68d87b1baa6f31e2979e81fd0bd"
"checksum num-complex 0.1.40 (registry+https://github.com/rust-lang/crates.io-index)" = "503e668405c5492d67cf662a81e05be40efe2e6bcf10f7794a07bd9865e704e6"
"checksum num-integer 0.1.35 (registry+https://github.com/rust-lang/crates.io-index)" = "d1452e8b06e448a07f0e6ebb0bb1d92b8890eea63288c0b627331d53514d0fba"
"checksum num-iter 0.1.34 (registry+https://github.com/rust-lang/crates.io-index)" = "7485fcc84f85b4ecd0ea527b14189281cf27d60e583ae65ebc9c088b13dffe01"
"checksum num-rational 0.1.39 (registry+https://github.com/rust-lang/crates.io-index)" = "288629c76fac4b33556f4b7ab57ba21ae202da65ba8b77466e6d598e31990790"
"checksum num-traits 0.1.40 (registry+https://github.com/rust-lang/crates.io-index)" = "99843c856d68d8b4313b03a17e33c4bb42ae8f6610ea81b28abe076ac721b9b0"
"checksum ordered-float 0.5.0 (registry+https://github.com/rust-lang/crates.io-index)" = "58d25b6c0e47b20d05226d288ff434940296e7e2f8b877975da32f862152241f"
"checksum pdqsort 1.0.3 (registry+https://github.com/rust-lang/crates.io-index)" = "92d11770083078fa188bb64ff3b1b5af04c374bf429be2c77480823c1fc5c5e5"
"checksum percent-encoding 1.0.0 (registry+https://github.com/rust-lang/crates.io-index)" = "de154f638187706bde41d9b4738748933d64e6b37bdbffc0b47a97d16a6ae356"
"checksum probability 0.15.8 (registry+https://github.com/rust-lang/crates.io-index)" = "c05db4a142bdd978bb91ea5ad72194dd7deb8cf8a25b7f275a2e080d7abc9294"
"checksum quick-error 1.2.1 (registry+https://github.com/rust-lang/crates.io-index)" = "eda5fe9b71976e62bc81b781206aaa076401769b2143379d3eb2118388babac4"
"checksum quote 0.3.15 (registry+https://github.com/rust-lang/crates.io-index)" = "7a6e920b65c65f10b2ae65c831a81a073a89edd28c7cce89475bff467ab4167a"
"checksum rand 0.3.16 (registry+https://github.com/rust-lang/crates.io-index)" = "eb250fd207a4729c976794d03db689c9be1d634ab5a1c9da9492a13d8fecbcdf"
"checksum random 0.12.2 (registry+https://github.com/rust-lang/crates.io-index)" = "97d13a3485349981c90c79112a11222c3e6e75de1d52b87a7525b3bf5361420f"
"checksum rawpointer 0.1.0 (registry+https://github.com/rust-lang/crates.io-index)" = "ebac11a9d2e11f2af219b8b8d833b76b1ea0e054aa0e8d8e9e4cbde353bdf019"
"checksum redox_syscall 0.1.31 (registry+https://github.com/rust-lang/crates.io-index)" = "8dde11f18c108289bef24469638a04dce49da56084f2d50618b226e47eb04509"
"checksum regex 0.2.2 (registry+https://github.com/rust-lang/crates.io-index)" = "1731164734096285ec2a5ec7fea5248ae2f5485b3feeb0115af4fda2183b2d1b"
"checksum regex-syntax 0.4.1 (registry+https://github.com/rust-lang/crates.io-index)" = "ad890a5eef7953f55427c50575c680c42841653abd2b028b68cd223d157f62db"
"checksum rust-htslib 0.12.1 (registry+https://github.com/rust-lang/crates.io-index)" = "aae1bb20f8605b5fb1f028f20efa5b6e1e1734ea52c4e1156903029b87dddcb3"
"checksum rust-htslib 0.13.0 (registry+https://github.com/rust-lang/crates.io-index)" = "02bdfc52a99187e3b626ac219522358a8b89ceafa9abc91b2845fb69d3a1d80f"
"checksum rustc-demangle 0.1.5 (registry+https://github.com/rust-lang/crates.io-index)" = "aee45432acc62f7b9a108cc054142dac51f979e69e71ddce7d6fc7adf29e817e"
"checksum rustc-serialize 0.3.24 (registry+https://github.com/rust-lang/crates.io-index)" = "dcf128d1287d2ea9d80910b5f1120d0b8eede3fbf1abe91c40d39ea7d51e6fda"
"checksum rustc_version 0.1.7 (registry+https://github.com/rust-lang/crates.io-index)" = "c5f5376ea5e30ce23c03eb77cbe4962b988deead10910c372b226388b594c084"
"checksum rustc_version 0.2.1 (registry+https://github.com/rust-lang/crates.io-index)" = "b9743a7670d88d5d52950408ecdb7c71d8986251ab604d4689dd2ca25c9bca69"
"checksum semver 0.1.20 (registry+https://github.com/rust-lang/crates.io-index)" = "d4f410fedcf71af0345d7607d246e7ad15faaadd49d240ee3b24e5dc21a820ac"
"checksum semver 0.6.0 (registry+https://github.com/rust-lang/crates.io-index)" = "7a3186ec9e65071a2095434b1f5bb24838d4e8e130f584c790f6033c79943537"
"checksum semver-parser 0.7.0 (registry+https://github.com/rust-lang/crates.io-index)" = "388a1df253eca08550bef6c72392cfe7c30914bf41df5269b68cbd6ff8f570a3"
"checksum serde 0.8.23 (registry+https://github.com/rust-lang/crates.io-index)" = "9dad3f759919b92c3068c696c15c3d17238234498bbdcc80f2c469606f948ac8"
"checksum serde 1.0.15 (registry+https://github.com/rust-lang/crates.io-index)" = "6a7046c9d4c6c522d10b2d098f9bebe2bef227e0e74044d8c1bfcf6b476af799"
"checksum serde_derive 1.0.15 (registry+https://github.com/rust-lang/crates.io-index)" = "1afcaae083fd1c46952a315062326bc9957f182358eb7da03b57ef1c688f7aa9"
"checksum serde_derive_internals 0.16.0 (registry+https://github.com/rust-lang/crates.io-index)" = "bd381f6d01a6616cdba8530492d453b7761b456ba974e98768a18cad2cd76f58"
"checksum serde_json 1.0.3 (registry+https://github.com/rust-lang/crates.io-index)" = "d243424e06f9f9c39e3cd36147470fd340db785825e367625f79298a6ac6b7ac"
"checksum simple_logger 0.4.0 (registry+https://github.com/rust-lang/crates.io-index)" = "d5a3b341928cec79e536fe62b75bfe2e35891a5e65801ebfbd2741dddf7d7fac"
"checksum smallvec 0.4.4 (registry+https://github.com/rust-lang/crates.io-index)" = "ee4f357e8cd37bf8822e1b964e96fd39e2cb5a0424f8aaa284ccaccc2162411c"
"checksum special 0.7.4 (registry+https://github.com/rust-lang/crates.io-index)" = "13b3a383171533f0ea3cbe0140b57c66edd57be9246060beaafd19c403140776"
"checksum strsim 0.6.0 (registry+https://github.com/rust-lang/crates.io-index)" = "b4d15c810519a91cf877e7e36e63fe068815c678181439f2f29e2562147c3694"
"checksum syn 0.11.11 (registry+https://github.com/rust-lang/crates.io-index)" = "d3b891b9015c88c576343b9b3e41c2c11a51c219ef067b264bd9c8aa9b441dad"
"checksum synom 0.11.3 (registry+https://github.com/rust-lang/crates.io-index)" = "a393066ed9010ebaed60b9eafa373d4b1baac186dd7e008555b0f702b51945b6"
"checksum thread_local 0.3.4 (registry+https://github.com/rust-lang/crates.io-index)" = "1697c4b57aeeb7a536b647165a2825faddffb1d3bad386d507709bd51a90bb14"
"checksum time 0.1.38 (registry+https://github.com/rust-lang/crates.io-index)" = "d5d788d3aa77bc0ef3e9621256885555368b47bd495c13dd2e7413c89f845520"
"checksum unicode-bidi 0.3.4 (registry+https://github.com/rust-lang/crates.io-index)" = "49f2bd0c6468a8230e1db229cff8029217cf623c767ea5d60bfbd42729ea54d5"
"checksum unicode-normalization 0.1.5 (registry+https://github.com/rust-lang/crates.io-index)" = "51ccda9ef9efa3f7ef5d91e8f9b83bbe6955f9bf86aec89d5cce2c874625920f"
"checksum unicode-xid 0.0.4 (registry+https://github.com/rust-lang/crates.io-index)" = "8c1f860d7d29cf02cb2f3f359fd35991af3d30bac52c57d265a3c461074cb4dc"
"checksum unreachable 0.1.1 (registry+https://github.com/rust-lang/crates.io-index)" = "1f2ae5ddb18e1c92664717616dd9549dde73f539f01bd7b77c2edb2446bdff91"
"checksum unreachable 1.0.0 (registry+https://github.com/rust-lang/crates.io-index)" = "382810877fe448991dfc7f0dd6e3ae5d58088fd0ea5e35189655f84e6814fa56"
"checksum url 1.5.1 (registry+https://github.com/rust-lang/crates.io-index)" = "eeb819346883532a271eb626deb43c4a1bb4c4dd47c519bd78137c3e72a4fe27"
"checksum utf8-ranges 1.0.0 (registry+https://github.com/rust-lang/crates.io-index)" = "662fab6525a98beff2921d7f61a39e7d59e0b425ebc7d0d9e66d316e55124122"
"checksum vec_map 0.8.0 (registry+https://github.com/rust-lang/crates.io-index)" = "887b5b631c2ad01628bbbaa7dd4c869f80d3186688f8d0b6f58774fbe324988c"
"checksum void 1.0.2 (registry+https://github.com/rust-lang/crates.io-index)" = "6a02e4885ed3bc0f2de90ea6dd45ebcbb66dacffe03547fadbb0eeae2770887d"
"checksum winapi 0.2.8 (registry+https://github.com/rust-lang/crates.io-index)" = "167dc9d6949a9b857f3451275e911c3f44255842c1f7a76f33c55103a909087a"
"checksum winapi-build 0.1.1 (registry+https://github.com/rust-lang/crates.io-index)" = "2d315eee3b34aca4797b2da6b13ed88266e6d612562a0c46390af8299fc699bc"
